
Microsoft Visual Studio Solution File, Format Version 12.00
# Visual Studio Version 16
VisualStudioVersion = 16.0.31129.286
MinimumVisualStudioVersion = 10.0.40219.1
Project("{FAE04EC0-301F-11D3-BF4B-00C04F79EFBC}") = "atmBanksystem", "atmBanksystem.csproj", "{FF8B1F06-50FB-48FD-8A35-F9A05AD6D81B}"
EndProject
Global
	GlobalSection(SolutionConfigurationPlatforms) = preSolution
		Debug|Any CPU = Debug|Any CPU
		Release|Any CPU = Release|Any CPU
	EndGlobalSection
	GlobalSection(ProjectConfigurationPlatforms) = postSolution
		{FF8B1F06-50FB-48FD-8A35-F9A05AD6D81B}.Debug|Any CPU.ActiveCfg = Debug|Any CPU
		{FF8B1F06-50FB-48FD-8A35-F9A05AD6D81B}.Debug|Any CPU.Build.0 = Debug|Any CPU
		{FF8B1F06-50FB-48FD-8A35-F9A05AD6D81B}.Release|Any CPU.ActiveCfg = Release|Any CPU
		{FF8B1F06-50FB-48FD-8A35-F9A05AD6D81B}.Release|Any CPU.Build.0 = Release|Any CPU
	EndGlobalSection
	GlobalSection(SolutionProperties) = preSolution
		HideSolutionNode = FALSE
	EndGlobalSection
	GlobalSection(ExtensibilityGlobals) = postSolution
		SolutionGuid = {7759797F-0B29-4265-8EAC-E8B3CAFAC267}
	EndGlobalSection
EndGlobal
